
Microsoft Visual Studio Solution File, Format Version 12.00
# Visual Studio 15
VisualStudioVersion = 15.0.28307.106
MinimumVisualStudioVersion = 10.0.40219.1
Project("{FAE04EC0-301F-11D3-BF4B-00C04F79EFBC}") = "PetesPizzaPagoda.UI", "PetesPizzaPagoda.UI\PetesPizzaPagoda.UI.csproj", "{513B6A65-D83A-4FA7-BFC1-51B8B96BA934}"
EndProject
Project("{FAE04EC0-301F-11D3-BF4B-00C04F79EFBC}") = "PetesPizzaPagoda.DataAccess", "PetesPizzaPagoda.DataAccess\PetesPizzaPagoda.DataAccess.csproj", "{54A8EBC6-F0F9-49FB-A088-97F0DFF8E97E}"
EndProject
Project("{FAE04EC0-301F-11D3-BF4B-00C04F79EFBC}") = "PetesPizzaPagoda.Tests", "PetesPizzaPagoda.Tests\PetesPizzaPagoda.Tests.csproj", "{9740D9E2-DA9D-41B9-A413-0AEF57162140}"
EndProject
Global
	GlobalSection(SolutionConfigurationPlatforms) = preSolution
		Debug|Any CPU = Debug|Any CPU
		Release|Any CPU = Release|Any CPU
	EndGlobalSection
	GlobalSection(ProjectConfigurationPlatforms) = postSolution
		{513B6A65-D83A-4FA7-BFC1-51B8B96BA934}.Debug|Any CPU.ActiveCfg = Debug|Any CPU
		{513B6A65-D83A-4FA7-BFC1-51B8B96BA934}.Debug|Any CPU.Build.0 = Debug|Any CPU
		{513B6A65-D83A-4FA7-BFC1-51B8B96BA934}.Release|Any CPU.ActiveCfg = Release|Any CPU
		{513B6A65-D83A-4FA7-BFC1-51B8B96BA934}.Release|Any CPU.Build.0 = Release|Any CPU
		{54A8EBC6-F0F9-49FB-A088-97F0DFF8E97E}.Debug|Any CPU.ActiveCfg = Debug|Any CPU
		{54A8EBC6-F0F9-49FB-A088-97F0DFF8E97E}.Debug|Any CPU.Build.0 = Debug|Any CPU
		{54A8EBC6-F0F9-49FB-A088-97F0DFF8E97E}.Release|Any CPU.ActiveCfg = Release|Any CPU
		{54A8EBC6-F0F9-49FB-A088-97F0DFF8E97E}.Release|Any CPU.Build.0 = Release|Any CPU
		{9740D9E2-DA9D-41B9-A413-0AEF57162140}.Debug|Any CPU.ActiveCfg = Debug|Any CPU
		{9740D9E2-DA9D-41B9-A413-0AEF57162140}.Debug|Any CPU.Build.0 = Debug|Any CPU
		{9740D9E2-DA9D-41B9-A413-0AEF57162140}.Release|Any CPU.ActiveCfg = Release|Any CPU
		{9740D9E2-DA9D-41B9-A413-0AEF57162140}.Release|Any CPU.Build.0 = Release|Any CPU
	EndGlobalSection
	GlobalSection(SolutionProperties) = preSolution
		HideSolutionNode = FALSE
	EndGlobalSection
	GlobalSection(ExtensibilityGlobals) = postSolution
		SolutionGuid = {D06B0A41-ABF3-47B2-9CE2-B4C741F03A34}
	EndGlobalSection
EndGlobal
